
Microsoft Visual Studio Solution File, Format Version 12.00
# Visual Studio 15
VisualStudioVersion = 15.0.28307.852
MinimumVisualStudioVersion = 10.0.40219.1
Project("{FAE04EC0-301F-11D3-BF4B-00C04F79EFBC}") = "ConsoleApp1", "ConsoleApp1\ConsoleApp1.csproj", "{7DB7BB1C-231E-46A3-92C8-9E83C5F8CB74}"
EndProject
Global
	GlobalSection(SolutionConfigurationPlatforms) = preSolution
		Debug|Any CPU = Debug|Any CPU
		Release|Any CPU = Release|Any CPU
	EndGlobalSection
	GlobalSection(ProjectConfigurationPlatforms) = postSolution
		{7DB7BB1C-231E-46A3-92C8-9E83C5F8CB74}.Debug|Any CPU.ActiveCfg = Debug|Any CPU
		{7DB7BB1C-231E-46A3-92C8-9E83C5F8CB74}.Debug|Any CPU.Build.0 = Debug|Any CPU
		{7DB7BB1C-231E-46A3-92C8-9E83C5F8CB74}.Release|Any CPU.ActiveCfg = Release|Any CPU
		{7DB7BB1C-231E-46A3-92C8-9E83C5F8CB74}.Release|Any CPU.Build.0 = Release|Any CPU
	EndGlobalSection
	GlobalSection(SolutionProperties) = preSolution
		HideSolutionNode = FALSE
	EndGlobalSection
	GlobalSection(ExtensibilityGlobals) = postSolution
		SolutionGuid = {0479457F-2FAF-4CA9-B7A3-4F509D4AFC09}
	EndGlobalSection
EndGlobal
