
Microsoft Visual Studio Solution File, Format Version 12.00
# Visual Studio 15
VisualStudioVersion = 15.0.28307.645
MinimumVisualStudioVersion = 10.0.40219.1
Project("{FAE04EC0-301F-11D3-BF4B-00C04F79EFBC}") = "l6", "l6\l6.csproj", "{2BBD82C1-CE03-4483-8B9B-79CB6E08FF02}"
EndProject
Global
	GlobalSection(SolutionConfigurationPlatforms) = preSolution
		Debug|Any CPU = Debug|Any CPU
		Release|Any CPU = Release|Any CPU
	EndGlobalSection
	GlobalSection(ProjectConfigurationPlatforms) = postSolution
		{2BBD82C1-CE03-4483-8B9B-79CB6E08FF02}.Debug|Any CPU.ActiveCfg = Debug|Any CPU
		{2BBD82C1-CE03-4483-8B9B-79CB6E08FF02}.Debug|Any CPU.Build.0 = Debug|Any CPU
		{2BBD82C1-CE03-4483-8B9B-79CB6E08FF02}.Release|Any CPU.ActiveCfg = Release|Any CPU
		{2BBD82C1-CE03-4483-8B9B-79CB6E08FF02}.Release|Any CPU.Build.0 = Release|Any CPU
	EndGlobalSection
	GlobalSection(SolutionProperties) = preSolution
		HideSolutionNode = FALSE
	EndGlobalSection
	GlobalSection(ExtensibilityGlobals) = postSolution
		SolutionGuid = {90A8E2A3-E30E-4F5D-BBD6-20A49FF37F75}
	EndGlobalSection
EndGlobal
